<?xml version="1.0" encoding="utf-8"?>
<Project ToolsVersion="4.0" xmlns="http://schemas.microsoft.com/developer/msbuild/2003">
  <ItemGroup>
    <ClInclude Include="NetBitWriter.h" />
    <ClInclude Include="NetBitReader.h" />
    <ClInclude Include="NetBitUtil.h" />
    <ClInclude Include="NetException.h" />
    <ClInclude Include="NetBindings.h" />
    <ClInclude Include="NetBindingHelpers.h" />
    <ClInclude Include="NetStateStore.h" />
    <ClInclude Include="NetBitWriterVector.h" />
    <ClInclude Include="NetBitReaderBuffer.h" />
    <ClInclude Include="NetMetaUtil.h" />
    <ClInclude Include="NetTransmitter.h" />
    <ClInclude Include="NetTransmitterMemory.h" />
    <ClInclude Include="NetBitReaderVector.h" />
    <ClInclude Include="NetServerBackend.h" />
    <ClInclude Include="NetServerInterface.h" />
    <ClInclude Include="NetClientInterface.h" />
    <ClInclude Include="NetClientBackend.h" />
    <ClInclude Include="NetServer.h" />
    <ClInclude Include="NetClient.h" />
    <ClInclude Include="NetReflection.h">
      <Filter>Reflection</Filter>
    </ClInclude>
    <ClInclude Include="NetReflectionArrayList.h">
      <Filter>Reflection</Filter>
    </ClInclude>
    <ClInclude Include="NetReflectionCommon.h">
      <Filter>Reflection</Filter>
    </ClInclude>
    <ClInclude Include="NetReflectionEnum.h">
      <Filter>Reflection</Filter>
    </ClInclude>
    <ClInclude Include="NetReflectionFixedPoint.h">
      <Filter>Reflection</Filter>
    </ClInclude>
    <ClInclude Include="NetReflectionList.h">
      <Filter>Reflection</Filter>
    </ClInclude>
    <ClInclude Include="NetReflectionMap.h">
      <Filter>Reflection</Filter>
    </ClInclude>
    <ClInclude Include="NetReflectionNumber.h">
      <Filter>Reflection</Filter>
    </ClInclude>
    <ClInclude Include="NetReflectionPolymorphic.h">
      <Filter>Reflection</Filter>
    </ClInclude>
    <ClInclude Include="NetReflectionSparseList.h">
      <Filter>Reflection</Filter>
    </ClInclude>
    <ClInclude Include="NetReflectionString.h">
      <Filter>Reflection</Filter>
    </ClInclude>
    <ClInclude Include="NetReflectionStruct.h">
      <Filter>Reflection</Filter>
    </ClInclude>
    <ClInclude Include="NetReflectionTypeDatabase.h">
      <Filter>Reflection</Filter>
    </ClInclude>
    <ClInclude Include="NetPipeDeltaState.h">
      <Filter>Pipes</Filter>
    </ClInclude>
    <ClInclude Include="NetPipeFullState.h">
      <Filter>Pipes</Filter>
    </ClInclude>
    <ClInclude Include="NetPipeMessage.h">
      <Filter>Pipes</Filter>
    </ClInclude>
    <ClInclude Include="NetPipeMode.h">
      <Filter>Pipes</Filter>
    </ClInclude>
    <ClInclude Include="NetProtocol.h">
      <Filter>Pipes</Filter>
    </ClInclude>
    <ClInclude Include="NetProtocolReceiver.h">
      <Filter>Pipes</Filter>
    </ClInclude>
    <ClInclude Include="NetProtocolSender.h">
      <Filter>Pipes</Filter>
    </ClInclude>
    <ClInclude Include="NetSerialize.h">
      <Filter>Reflection</Filter>
    </ClInclude>
    <ClInclude Include="NetSerializeDelta.h">
      <Filter>Reflection</Filter>
    </ClInclude>
    <ClInclude Include="NetMessageSender.h" />
    <ClInclude Include="NetReflectionTypeDatabaseRegister.h">
      <Filter>Reflection</Filter>
    </ClInclude>
    <ClInclude Include="NetPipeBuffer.h">
      <Filter>Pipes</Filter>
    </ClInclude>
    <ClInclude Include="NetTransmitterReplayStream.h" />
    <ClInclude Include="NetReplayStreamReader.h" />
    <ClInclude Include="NetTransmitterNull.h" />
    <ClInclude Include="NetPipeDeltaStateReliable.h">
      <Filter>Pipes</Filter>
    </ClInclude>
    <ClInclude Include="NetDeserialize.h">
      <Filter>Reflection</Filter>
    </ClInclude>
    <ClInclude Include="NetDeserializeDelta.h">
      <Filter>Reflection</Filter>
    </ClInclude>
    <ClInclude Include="NetLerp.h" />
    <ClInclude Include="NetReflectionFixedPointLUT.h">
      <Filter>Reflection</Filter>
    </ClInclude>
    <ClInclude Include="NetReflectionFixedPointRange.h">
      <Filter>Reflection</Filter>
    </ClInclude>
    <ClInclude Include="NetProtocolFuncs.h">
      <Filter>Pipes</Filter>
    </ClInclude>
    <ClInclude Include="NetRandom.h" />
    <ClInclude Include="NetReflectionRandom.h">
      <Filter>Reflection</Filter>
    </ClInclude>
    <ClInclude Include="NetReflectionOptional.h">
      <Filter>Reflection</Filter>
    </ClInclude>
    <ClInclude Include="NetPipeVariant.h">
      <Filter>Pipes</Filter>
    </ClInclude>
    <ClInclude Include="NetReflectionPtr.h">
      <Filter>Reflection</Filter>
    </ClInclude>
    <ClInclude Include="NetReflectionTuple.h">
      <Filter>Reflection</Filter>
    </ClInclude>
    <ClInclude Include="NetReflectionBitBuffer.h">
      <Filter>Reflection</Filter>
    </ClInclude>
    <ClInclude Include="NetReflectionStaticList.h" />
  </ItemGroup>
  <ItemGroup>
    <ClCompile Include="NetBitReader.cpp" />
    <ClCompile Include="NetBitWriterVector.cpp" />
    <ClCompile Include="NetBitReaderBuffer.cpp" />
    <ClCompile Include="NetBitReaderVector.cpp" />
    <ClCompile Include="NetTransmitterMemory.cpp" />
    <ClCompile Include="NetReflectionTypeDatabase.cpp">
      <Filter>Reflection</Filter>
    </ClCompile>
    <ClCompile Include="NetBitWriter.cpp" />
    <ClCompile Include="NetTransmitter.cpp" />
    <ClCompile Include="NetTransmitterReplayStream.cpp" />
    <ClCompile Include="NetTransmitterNull.cpp" />
    <ClCompile Include="NetRandom.cpp" />
    <ClCompile Include="NetReflectionBitBuffer.cpp">
      <Filter>Reflection</Filter>
    </ClCompile>
  </ItemGroup>
  <ItemGroup>
    <Filter Include="Reflection">
      <UniqueIdentifier>{dada77b6-a47c-4e37-b027-b14b650a3c4a}</UniqueIdentifier>
    </Filter>
    <Filter Include="Pipes">
      <UniqueIdentifier>{1e20dde9-1ae5-4e26-9d53-9191dbf7ac2c}</UniqueIdentifier>
    </Filter>
  </ItemGroup>
  <ItemGroup>
    <Natvis Include="StormNet.natvis" />
  </ItemGroup>
</Project>